// !$*UTF8*$!
{
	archiveVersion = 1;
	classes = {
	};
	objectVersion = 56;
	objects = {

/* Begin PBXBuildFile section */
		940CFF2B29AF6C220084DDF8 /* MathKeyboardSectionButton.swift in Sources */ = {isa = PBXBuildFile; fileRef = 940CFF2A29AF6C220084DDF8 /* MathKeyboardSectionButton.swift */; };
		940CFF2D29AF712E0084DDF8 /* MathKeyboardSection.swift in Sources */ = {isa = PBXBuildFile; fileRef = 940CFF2C29AF712E0084DDF8 /* MathKeyboardSection.swift */; };
		940CFF2F29AF7E670084DDF8 /* NSNumber + Ext.swift in Sources */ = {isa = PBXBuildFile; fileRef = 940CFF2E29AF7E670084DDF8 /* NSNumber + Ext.swift */; };
		940CFF3229AF9CC20084DDF8 /* AuxiliaryMathOperation.swift in Sources */ = {isa = PBXBuildFile; fileRef = 940CFF3129AF9CC20084DDF8 /* AuxiliaryMathOperation.swift */; };
		940CFF3429AF9CD70084DDF8 /* AdvancedMathOperation.swift in Sources */ = {isa = PBXBuildFile; fileRef = 940CFF3329AF9CD70084DDF8 /* AdvancedMathOperation.swift */; };
		942CFFEA29A7904D001E3C42 /* SolutionSearchParametersRepresentation.swift in Sources */ = {isa = PBXBuildFile; fileRef = 942CFFE929A7904D001E3C42 /* SolutionSearchParametersRepresentation.swift */; };
		942CFFEC29A79490001E3C42 /* SolutionViewModelProtocol.swift in Sources */ = {isa = PBXBuildFile; fileRef = 942CFFEB29A79490001E3C42 /* SolutionViewModelProtocol.swift */; };
		942CFFF329A79A70001E3C42 /* NSExpression + Ext.swift in Sources */ = {isa = PBXBuildFile; fileRef = 942CFFF229A79A70001E3C42 /* NSExpression + Ext.swift */; };
		94575C1229A7E5FD00CC62BF /* SolveButton.swift in Sources */ = {isa = PBXBuildFile; fileRef = 94575C1129A7E5FD00CC62BF /* SolveButton.swift */; };
		945CF568299E5CA90018AA70 /* AppDelegate.swift in Sources */ = {isa = PBXBuildFile; fileRef = 945CF567299E5CA90018AA70 /* AppDelegate.swift */; };
		945CF56A299E5CA90018AA70 /* SceneDelegate.swift in Sources */ = {isa = PBXBuildFile; fileRef = 945CF569299E5CA90018AA70 /* SceneDelegate.swift */; };
		945CF56F299E5CA90018AA70 /* Main.storyboard in Resources */ = {isa = PBXBuildFile; fileRef = 945CF56D299E5CA90018AA70 /* Main.storyboard */; };
		945CF571299E5CAA0018AA70 /* Assets.xcassets in Resources */ = {isa = PBXBuildFile; fileRef = 945CF570299E5CAA0018AA70 /* Assets.xcassets */; };
		945CF574299E5CAA0018AA70 /* LaunchScreen.storyboard in Resources */ = {isa = PBXBuildFile; fileRef = 945CF572299E5CAA0018AA70 /* LaunchScreen.storyboard */; };
		945CF587299E60620018AA70 /* String + Ext.swift in Sources */ = {isa = PBXBuildFile; fileRef = 945CF586299E60620018AA70 /* String + Ext.swift */; };
		945CF59F299E910A0018AA70 /* EquationInput.swift in Sources */ = {isa = PBXBuildFile; fileRef = 945CF59E299E910A0018AA70 /* EquationInput.swift */; };
		945CF5A1299E913B0018AA70 /* NumberButton.swift in Sources */ = {isa = PBXBuildFile; fileRef = 945CF5A0299E913B0018AA70 /* NumberButton.swift */; };
		945CF5A3299E92760018AA70 /* NumbersPad.swift in Sources */ = {isa = PBXBuildFile; fileRef = 945CF5A2299E92760018AA70 /* NumbersPad.swift */; };
		945CF5A5299E95530018AA70 /* MathKeyboard.swift in Sources */ = {isa = PBXBuildFile; fileRef = 945CF5A4299E95530018AA70 /* MathKeyboard.swift */; };
		945CF5A7299E95800018AA70 /* BasicMathOperationButton.swift in Sources */ = {isa = PBXBuildFile; fileRef = 945CF5A6299E95800018AA70 /* BasicMathOperationButton.swift */; };
		945CF5AA299E9CEB0018AA70 /* BasicMathOperation.swift in Sources */ = {isa = PBXBuildFile; fileRef = 945CF5A9299E9CEB0018AA70 /* BasicMathOperation.swift */; };
		945F262429A4CD35008626E8 /* EquationSolvingMethod.swift in Sources */ = {isa = PBXBuildFile; fileRef = 945F262329A4CD35008626E8 /* EquationSolvingMethod.swift */; };
		945F264729A501B8008626E8 /* DichotomyIteration.swift in Sources */ = {isa = PBXBuildFile; fileRef = 945F264629A501B8008626E8 /* DichotomyIteration.swift */; };
		945F264B29A52B5D008626E8 /* DichotomyIterationInfo.swift in Sources */ = {isa = PBXBuildFile; fileRef = 945F264A29A52B5D008626E8 /* DichotomyIterationInfo.swift */; };
		946587BA29A5EBF000599EB2 /* UIApplication + Ext.swift in Sources */ = {isa = PBXBuildFile; fileRef = 946587B929A5EBF000599EB2 /* UIApplication + Ext.swift */; };
		9471A84A29A215D400DAB91D /* EquationInputViewModel.swift in Sources */ = {isa = PBXBuildFile; fileRef = 9471A84929A215D400DAB91D /* EquationInputViewModel.swift */; };
		947642F429A8A76E00C8D157 /* EquationSolution.swift in Sources */ = {isa = PBXBuildFile; fileRef = 947642F329A8A76E00C8D157 /* EquationSolution.swift */; };
		947642F629A8A78500C8D157 /* EquationSolutionViewModel.swift in Sources */ = {isa = PBXBuildFile; fileRef = 947642F529A8A78500C8D157 /* EquationSolutionViewModel.swift */; };
		947642F929A8A8B700C8D157 /* EquationSolvingService.swift in Sources */ = {isa = PBXBuildFile; fileRef = 947642F829A8A8B700C8D157 /* EquationSolvingService.swift */; };
		947642FB29A8A90900C8D157 /* DichotomyMethod.swift in Sources */ = {isa = PBXBuildFile; fileRef = 947642FA29A8A90900C8D157 /* DichotomyMethod.swift */; };
		947642FD29A8AE6200C8D157 /* SimpleIterationMethod.swift in Sources */ = {isa = PBXBuildFile; fileRef = 947642FC29A8AE6200C8D157 /* SimpleIterationMethod.swift */; };
		9476430229A8C04F00C8D157 /* SimpleIteration.swift in Sources */ = {isa = PBXBuildFile; fileRef = 9476430129A8C04F00C8D157 /* SimpleIteration.swift */; };
		9476430429A8C08000C8D157 /* SimpleIterationInfo.swift in Sources */ = {isa = PBXBuildFile; fileRef = 9476430329A8C08000C8D157 /* SimpleIterationInfo.swift */; };
		9476430629A8C1B200C8D157 /* Answer.swift in Sources */ = {isa = PBXBuildFile; fileRef = 9476430529A8C1B200C8D157 /* Answer.swift */; };
		9476430829A8CCFC00C8D157 /* View + Ext.swift in Sources */ = {isa = PBXBuildFile; fileRef = 9476430729A8CCFC00C8D157 /* View + Ext.swift */; };
		9476430E29A9036100C8D157 /* NewtonSolutionMethod.swift in Sources */ = {isa = PBXBuildFile; fileRef = 9476430D29A9036000C8D157 /* NewtonSolutionMethod.swift */; };
		9476431029A9041500C8D157 /* NewtonIterationInfo.swift in Sources */ = {isa = PBXBuildFile; fileRef = 9476430F29A9041500C8D157 /* NewtonIterationInfo.swift */; };
		9476431829A9099A00C8D157 /* NewtonIteration.swift in Sources */ = {isa = PBXBuildFile; fileRef = 9476431729A9099A00C8D157 /* NewtonIteration.swift */; };
		9476431A29A90C2700C8D157 /* SolvingSteps.swift in Sources */ = {isa = PBXBuildFile; fileRef = 9476431929A90C2700C8D157 /* SolvingSteps.swift */; };
		9476431F29A9128600C8D157 /* Double + Ext.swift in Sources */ = {isa = PBXBuildFile; fileRef = 9476431E29A9128600C8D157 /* Double + Ext.swift */; };
		94D2512D299EB8C9000E260C /* AdvancedMathOperationButton.swift in Sources */ = {isa = PBXBuildFile; fileRef = 94D2512C299EB8C9000E260C /* AdvancedMathOperationButton.swift */; };
		94D2512F299EB975000E260C /* BasicMathOperationsPad.swift in Sources */ = {isa = PBXBuildFile; fileRef = 94D2512E299EB975000E260C /* BasicMathOperationsPad.swift */; };
		94D25131299EBA88000E260C /* AdvancedMathOperationsPad.swift in Sources */ = {isa = PBXBuildFile; fileRef = 94D25130299EBA88000E260C /* AdvancedMathOperationsPad.swift */; };
		94D25133299EBC0B000E260C /* AuxiliaryMathOperationButton.swift in Sources */ = {isa = PBXBuildFile; fileRef = 94D25132299EBC0B000E260C /* AuxiliaryMathOperationButton.swift */; };
/* End PBXBuildFile section */

/* Begin PBXFileReference section */
		940CFF2A29AF6C220084DDF8 /* MathKeyboardSectionButton.swift */ = {isa = PBXFileReference; lastKnownFileType = sourcecode.swift; path = MathKeyboardSectionButton.swift; sourceTree = "<group>"; };
		940CFF2C29AF712E0084DDF8 /* MathKeyboardSection.swift */ = {isa = PBXFileReference; lastKnownFileType = sourcecode.swift; path = MathKeyboardSection.swift; sourceTree = "<group>"; };
		940CFF2E29AF7E670084DDF8 /* NSNumber + Ext.swift */ = {isa = PBXFileReference; lastKnownFileType = sourcecode.swift; path = "NSNumber + Ext.swift"; sourceTree = "<group>"; };
		940CFF3129AF9CC20084DDF8 /* AuxiliaryMathOperation.swift */ = {isa = PBXFileReference; lastKnownFileType = sourcecode.swift; path = AuxiliaryMathOperation.swift; sourceTree = "<group>"; };
		940CFF3329AF9CD70084DDF8 /* AdvancedMathOperation.swift */ = {isa = PBXFileReference; lastKnownFileType = sourcecode.swift; path = AdvancedMathOperation.swift; sourceTree = "<group>"; };
		942CFFE929A7904D001E3C42 /* SolutionSearchParametersRepresentation.swift */ = {isa = PBXFileReference; lastKnownFileType = sourcecode.swift; path = SolutionSearchParametersRepresentation.swift; sourceTree = "<group>"; };
		942CFFEB29A79490001E3C42 /* SolutionViewModelProtocol.swift */ = {isa = PBXFileReference; lastKnownFileType = sourcecode.swift; path = SolutionViewModelProtocol.swift; sourceTree = "<group>"; };
		942CFFF229A79A70001E3C42 /* NSExpression + Ext.swift */ = {isa = PBXFileReference; lastKnownFileType = sourcecode.swift; path = "NSExpression + Ext.swift"; sourceTree = "<group>"; };
		94575C1129A7E5FD00CC62BF /* SolveButton.swift */ = {isa = PBXFileReference; lastKnownFileType = sourcecode.swift; path = SolveButton.swift; sourceTree = "<group>"; };
		945CF564299E5CA90018AA70 /* CP-Software.app */ = {isa = PBXFileReference; explicitFileType = wrapper.application; includeInIndex = 0; path = "CP-Software.app"; sourceTree = BUILT_PRODUCTS_DIR; };
		945CF567299E5CA90018AA70 /* AppDelegate.swift */ = {isa = PBXFileReference; lastKnownFileType = sourcecode.swift; path = AppDelegate.swift; sourceTree = "<group>"; };
		945CF569299E5CA90018AA70 /* SceneDelegate.swift */ = {isa = PBXFileReference; lastKnownFileType = sourcecode.swift; path = SceneDelegate.swift; sourceTree = "<group>"; };
		945CF56E299E5CA90018AA70 /* Base */ = {isa = PBXFileReference; lastKnownFileType = file.storyboard; name = Base; path = Base.lproj/Main.storyboard; sourceTree = "<group>"; };
		945CF570299E5CAA0018AA70 /* Assets.xcassets */ = {isa = PBXFileReference; lastKnownFileType = folder.assetcatalog; path = Assets.xcassets; sourceTree = "<group>"; };
		945CF573299E5CAA0018AA70 /* Base */ = {isa = PBXFileReference; lastKnownFileType = file.storyboard; name = Base; path = Base.lproj/LaunchScreen.storyboard; sourceTree = "<group>"; };
		945CF575299E5CAA0018AA70 /* Info.plist */ = {isa = PBXFileReference; lastKnownFileType = text.plist.xml; path = Info.plist; sourceTree = "<group>"; };
		945CF586299E60620018AA70 /* String + Ext.swift */ = {isa = PBXFileReference; lastKnownFileType = sourcecode.swift; path = "String + Ext.swift"; sourceTree = "<group>"; };
		945CF59E299E910A0018AA70 /* EquationInput.swift */ = {isa = PBXFileReference; lastKnownFileType = sourcecode.swift; path = EquationInput.swift; sourceTree = "<group>"; };
		945CF5A0299E913B0018AA70 /* NumberButton.swift */ = {isa = PBXFileReference; lastKnownFileType = sourcecode.swift; path = NumberButton.swift; sourceTree = "<group>"; };
		945CF5A2299E92760018AA70 /* NumbersPad.swift */ = {isa = PBXFileReference; lastKnownFileType = sourcecode.swift; path = NumbersPad.swift; sourceTree = "<group>"; };
		945CF5A4299E95530018AA70 /* MathKeyboard.swift */ = {isa = PBXFileReference; lastKnownFileType = sourcecode.swift; path = MathKeyboard.swift; sourceTree = "<group>"; };
		945CF5A6299E95800018AA70 /* BasicMathOperationButton.swift */ = {isa = PBXFileReference; lastKnownFileType = sourcecode.swift; path = BasicMathOperationButton.swift; sourceTree = "<group>"; };
		945CF5A9299E9CEB0018AA70 /* BasicMathOperation.swift */ = {isa = PBXFileReference; lastKnownFileType = sourcecode.swift; path = BasicMathOperation.swift; sourceTree = "<group>"; };
		945F262329A4CD35008626E8 /* EquationSolvingMethod.swift */ = {isa = PBXFileReference; lastKnownFileType = sourcecode.swift; path = EquationSolvingMethod.swift; sourceTree = "<group>"; };
		945F264629A501B8008626E8 /* DichotomyIteration.swift */ = {isa = PBXFileReference; lastKnownFileType = sourcecode.swift; path = DichotomyIteration.swift; sourceTree = "<group>"; };
		945F264A29A52B5D008626E8 /* DichotomyIterationInfo.swift */ = {isa = PBXFileReference; lastKnownFileType = sourcecode.swift; path = DichotomyIterationInfo.swift; sourceTree = "<group>"; };
		946587B929A5EBF000599EB2 /* UIApplication + Ext.swift */ = {isa = PBXFileReference; lastKnownFileType = sourcecode.swift; path = "UIApplication + Ext.swift"; sourceTree = "<group>"; };
		9471A84929A215D400DAB91D /* EquationInputViewModel.swift */ = {isa = PBXFileReference; lastKnownFileType = sourcecode.swift; path = EquationInputViewModel.swift; sourceTree = "<group>"; };
		947642F329A8A76E00C8D157 /* EquationSolution.swift */ = {isa = PBXFileReference; lastKnownFileType = sourcecode.swift; path = EquationSolution.swift; sourceTree = "<group>"; };
		947642F529A8A78500C8D157 /* EquationSolutionViewModel.swift */ = {isa = PBXFileReference; lastKnownFileType = sourcecode.swift; path = EquationSolutionViewModel.swift; sourceTree = "<group>"; };
		947642F829A8A8B700C8D157 /* EquationSolvingService.swift */ = {isa = PBXFileReference; lastKnownFileType = sourcecode.swift; path = EquationSolvingService.swift; sourceTree = "<group>"; };
		947642FA29A8A90900C8D157 /* DichotomyMethod.swift */ = {isa = PBXFileReference; lastKnownFileType = sourcecode.swift; path = DichotomyMethod.swift; sourceTree = "<group>"; };
		947642FC29A8AE6200C8D157 /* SimpleIterationMethod.swift */ = {isa = PBXFileReference; lastKnownFileType = sourcecode.swift; path = SimpleIterationMethod.swift; sourceTree = "<group>"; };
		9476430129A8C04F00C8D157 /* SimpleIteration.swift */ = {isa = PBXFileReference; lastKnownFileType = sourcecode.swift; path = SimpleIteration.swift; sourceTree = "<group>"; };
		9476430329A8C08000C8D157 /* SimpleIterationInfo.swift */ = {isa = PBXFileReference; lastKnownFileType = sourcecode.swift; path = SimpleIterationInfo.swift; sourceTree = "<group>"; };
		9476430529A8C1B200C8D157 /* Answer.swift */ = {isa = PBXFileReference; lastKnownFileType = sourcecode.swift; path = Answer.swift; sourceTree = "<group>"; };
		9476430729A8CCFC00C8D157 /* View + Ext.swift */ = {isa = PBXFileReference; lastKnownFileType = sourcecode.swift; path = "View + Ext.swift"; sourceTree = "<group>"; };
		9476430D29A9036000C8D157 /* NewtonSolutionMethod.swift */ = {isa = PBXFileReference; lastKnownFileType = sourcecode.swift; path = NewtonSolutionMethod.swift; sourceTree = "<group>"; };
		9476430F29A9041500C8D157 /* NewtonIterationInfo.swift */ = {isa = PBXFileReference; lastKnownFileType = sourcecode.swift; path = NewtonIterationInfo.swift; sourceTree = "<group>"; };
		9476431729A9099A00C8D157 /* NewtonIteration.swift */ = {isa = PBXFileReference; lastKnownFileType = sourcecode.swift; path = NewtonIteration.swift; sourceTree = "<group>"; };
		9476431929A90C2700C8D157 /* SolvingSteps.swift */ = {isa = PBXFileReference; lastKnownFileType = sourcecode.swift; path = SolvingSteps.swift; sourceTree = "<group>"; };
		9476431E29A9128600C8D157 /* Double + Ext.swift */ = {isa = PBXFileReference; lastKnownFileType = sourcecode.swift; path = "Double + Ext.swift"; sourceTree = "<group>"; };
		94D2512C299EB8C9000E260C /* AdvancedMathOperationButton.swift */ = {isa = PBXFileReference; lastKnownFileType = sourcecode.swift; path = AdvancedMathOperationButton.swift; sourceTree = "<group>"; };
		94D2512E299EB975000E260C /* BasicMathOperationsPad.swift */ = {isa = PBXFileReference; lastKnownFileType = sourcecode.swift; path = BasicMathOperationsPad.swift; sourceTree = "<group>"; };
		94D25130299EBA88000E260C /* AdvancedMathOperationsPad.swift */ = {isa = PBXFileReference; lastKnownFileType = sourcecode.swift; path = AdvancedMathOperationsPad.swift; sourceTree = "<group>"; };
		94D25132299EBC0B000E260C /* AuxiliaryMathOperationButton.swift */ = {isa = PBXFileReference; lastKnownFileType = sourcecode.swift; path = AuxiliaryMathOperationButton.swift; sourceTree = "<group>"; };
/* End PBXFileReference section */

/* Begin PBXFrameworksBuildPhase section */
		945CF561299E5CA90018AA70 /* Frameworks */ = {
			isa = PBXFrameworksBuildPhase;
			buildActionMask = 2147483647;
			files = (
			);
			runOnlyForDeploymentPostprocessing = 0;
		};
/* End PBXFrameworksBuildPhase section */

/* Begin PBXGroup section */
		940CFF3029AF9CA30084DDF8 /* MathOperation */ = {
			isa = PBXGroup;
			children = (
				945CF5A9299E9CEB0018AA70 /* BasicMathOperation.swift */,
				940CFF3329AF9CD70084DDF8 /* AdvancedMathOperation.swift */,
				940CFF3129AF9CC20084DDF8 /* AuxiliaryMathOperation.swift */,
			);
			path = MathOperation;
			sourceTree = "<group>";
		};
		944B4B2029A4B1E300B8745F /* Protocol */ = {
			isa = PBXGroup;
			children = (
				942CFFEB29A79490001E3C42 /* SolutionViewModelProtocol.swift */,
			);
			path = Protocol;
			sourceTree = "<group>";
		};
		945CF55B299E5CA90018AA70 = {
			isa = PBXGroup;
			children = (
				945CF566299E5CA90018AA70 /* CP-Software */,
				945CF565299E5CA90018AA70 /* Products */,
			);
			sourceTree = "<group>";
		};
		945CF565299E5CA90018AA70 /* Products */ = {
			isa = PBXGroup;
			children = (
				945CF564299E5CA90018AA70 /* CP-Software.app */,
			);
			name = Products;
			sourceTree = "<group>";
		};
		945CF566299E5CA90018AA70 /* CP-Software */ = {
			isa = PBXGroup;
			children = (
				945CF57C299E5CDD0018AA70 /* Application */,
				945CF57B299E5CCE0018AA70 /* Supporting */,
			);
			path = "CP-Software";
			sourceTree = "<group>";
		};
		945CF57B299E5CCE0018AA70 /* Supporting */ = {
			isa = PBXGroup;
			children = (
				945CF56D299E5CA90018AA70 /* Main.storyboard */,
				945CF570299E5CAA0018AA70 /* Assets.xcassets */,
				945CF572299E5CAA0018AA70 /* LaunchScreen.storyboard */,
				945CF575299E5CAA0018AA70 /* Info.plist */,
			);
			path = Supporting;
			sourceTree = "<group>";
		};
		945CF57C299E5CDD0018AA70 /* Application */ = {
			isa = PBXGroup;
			children = (
				947642F729A8A89B00C8D157 /* Service */,
				945CF57D299E5CE40018AA70 /* AppFile */,
				945F264C29A52B8C008626E8 /* Model */,
				9471A84B29A267C000DAB91D /* UI */,
				945CF585299E60530018AA70 /* Helper */,
			);
			path = Application;
			sourceTree = "<group>";
		};
		945CF57D299E5CE40018AA70 /* AppFile */ = {
			isa = PBXGroup;
			children = (
				945CF567299E5CA90018AA70 /* AppDelegate.swift */,
				945CF569299E5CA90018AA70 /* SceneDelegate.swift */,
			);
			path = AppFile;
			sourceTree = "<group>";
		};
		945CF585299E60530018AA70 /* Helper */ = {
			isa = PBXGroup;
			children = (
				944B4B2029A4B1E300B8745F /* Protocol */,
				945CF5A8299E9CDB0018AA70 /* Enum */,
				945CF588299E60960018AA70 /* Extension */,
			);
			path = Helper;
			sourceTree = "<group>";
		};
		945CF588299E60960018AA70 /* Extension */ = {
			isa = PBXGroup;
			children = (
				945CF586299E60620018AA70 /* String + Ext.swift */,
				946587B929A5EBF000599EB2 /* UIApplication + Ext.swift */,
				942CFFF229A79A70001E3C42 /* NSExpression + Ext.swift */,
				9476430729A8CCFC00C8D157 /* View + Ext.swift */,
				9476431E29A9128600C8D157 /* Double + Ext.swift */,
				940CFF2E29AF7E670084DDF8 /* NSNumber + Ext.swift */,
			);
			path = Extension;
			sourceTree = "<group>";
		};
		945CF59D299E90FA0018AA70 /* View */ = {
			isa = PBXGroup;
			children = (
				945CF5AC299EA1FE0018AA70 /* MathKeyboard */,
				9476430029A8C03000C8D157 /* IterationInfo */,
				942CFFE929A7904D001E3C42 /* SolutionSearchParametersRepresentation.swift */,
				94575C1129A7E5FD00CC62BF /* SolveButton.swift */,
				9476430529A8C1B200C8D157 /* Answer.swift */,
				9476431929A90C2700C8D157 /* SolvingSteps.swift */,
			);
			path = View;
			sourceTree = "<group>";
		};
		945CF5A8299E9CDB0018AA70 /* Enum */ = {
			isa = PBXGroup;
			children = (
				940CFF3029AF9CA30084DDF8 /* MathOperation */,
				945F262329A4CD35008626E8 /* EquationSolvingMethod.swift */,
				940CFF2C29AF712E0084DDF8 /* MathKeyboardSection.swift */,
			);
			path = Enum;
			sourceTree = "<group>";
		};
		945CF5AB299EA0EF0018AA70 /* MathKeyboardButton */ = {
			isa = PBXGroup;
			children = (
				945CF5A0299E913B0018AA70 /* NumberButton.swift */,
				945CF5A6299E95800018AA70 /* BasicMathOperationButton.swift */,
				94D2512C299EB8C9000E260C /* AdvancedMathOperationButton.swift */,
				94D25132299EBC0B000E260C /* AuxiliaryMathOperationButton.swift */,
			);
			path = MathKeyboardButton;
			sourceTree = "<group>";
		};
		945CF5AC299EA1FE0018AA70 /* MathKeyboard */ = {
			isa = PBXGroup;
			children = (
				945CF5AB299EA0EF0018AA70 /* MathKeyboardButton */,
				945CF5AD299EA2150018AA70 /* MathKeyboardPad */,
				945CF5A4299E95530018AA70 /* MathKeyboard.swift */,
				940CFF2A29AF6C220084DDF8 /* MathKeyboardSectionButton.swift */,
			);
			path = MathKeyboard;
			sourceTree = "<group>";
		};
		945CF5AD299EA2150018AA70 /* MathKeyboardPad */ = {
			isa = PBXGroup;
			children = (
				945CF5A2299E92760018AA70 /* NumbersPad.swift */,
				94D2512E299EB975000E260C /* BasicMathOperationsPad.swift */,
				94D25130299EBA88000E260C /* AdvancedMathOperationsPad.swift */,
			);
			path = MathKeyboardPad;
			sourceTree = "<group>";
		};
		945F262629A4CEFD008626E8 /* Module */ = {
			isa = PBXGroup;
			children = (
				9471A84829A215C400DAB91D /* EquationInput */,
				947642F229A8A74600C8D157 /* EquationSolution */,
			);
			path = Module;
			sourceTree = "<group>";
		};
		945F264C29A52B8C008626E8 /* Model */ = {
			isa = PBXGroup;
			children = (
				945F264A29A52B5D008626E8 /* DichotomyIterationInfo.swift */,
				9476430329A8C08000C8D157 /* SimpleIterationInfo.swift */,
				9476430F29A9041500C8D157 /* NewtonIterationInfo.swift */,
			);
			path = Model;
			sourceTree = "<group>";
		};
		9471A84829A215C400DAB91D /* EquationInput */ = {
			isa = PBXGroup;
			children = (
				945CF59E299E910A0018AA70 /* EquationInput.swift */,
				9471A84929A215D400DAB91D /* EquationInputViewModel.swift */,
			);
			path = EquationInput;
			sourceTree = "<group>";
		};
		9471A84B29A267C000DAB91D /* UI */ = {
			isa = PBXGroup;
			children = (
				945F262629A4CEFD008626E8 /* Module */,
				945CF59D299E90FA0018AA70 /* View */,
			);
			path = UI;
			sourceTree = "<group>";
		};
		947642F229A8A74600C8D157 /* EquationSolution */ = {
			isa = PBXGroup;
			children = (
				947642F329A8A76E00C8D157 /* EquationSolution.swift */,
				947642F529A8A78500C8D157 /* EquationSolutionViewModel.swift */,
			);
			path = EquationSolution;
			sourceTree = "<group>";
		};
		947642F729A8A89B00C8D157 /* Service */ = {
			isa = PBXGroup;
			children = (
				947642F829A8A8B700C8D157 /* EquationSolvingService.swift */,
				9476431D29A9123E00C8D157 /* SolutionMethod */,
			);
			path = Service;
			sourceTree = "<group>";
		};
		9476430029A8C03000C8D157 /* IterationInfo */ = {
			isa = PBXGroup;
			children = (
				945F264629A501B8008626E8 /* DichotomyIteration.swift */,
				9476430129A8C04F00C8D157 /* SimpleIteration.swift */,
				9476431729A9099A00C8D157 /* NewtonIteration.swift */,
			);
			path = IterationInfo;
			sourceTree = "<group>";
		};
		9476431D29A9123E00C8D157 /* SolutionMethod */ = {
			isa = PBXGroup;
			children = (
				947642FA29A8A90900C8D157 /* DichotomyMethod.swift */,
				947642FC29A8AE6200C8D157 /* SimpleIterationMethod.swift */,
				9476430D29A9036000C8D157 /* NewtonSolutionMethod.swift */,
			);
			path = SolutionMethod;
			sourceTree = "<group>";
		};
/* End PBXGroup section */

/* Begin PBXNativeTarget section */
		945CF563299E5CA90018AA70 /* CP-Software */ = {
			isa = PBXNativeTarget;
			buildConfigurationList = 945CF578299E5CAA0018AA70 /* Build configuration list for PBXNativeTarget "CP-Software" */;
			buildPhases = (
				945CF560299E5CA90018AA70 /* Sources */,
				945CF561299E5CA90018AA70 /* Frameworks */,
				945CF562299E5CA90018AA70 /* Resources */,
			);
			buildRules = (
			);
			dependencies = (
			);
			name = "CP-Software";
			packageProductDependencies = (
			);
			productName = "CP-Software";
			productReference = 945CF564299E5CA90018AA70 /* CP-Software.app */;
			productType = "com.apple.product-type.application";
		};
/* End PBXNativeTarget section */

/* Begin PBXProject section */
		945CF55C299E5CA90018AA70 /* Project object */ = {
			isa = PBXProject;
			attributes = {
				BuildIndependentTargetsInParallel = 1;
				LastSwiftUpdateCheck = 1420;
				LastUpgradeCheck = 1420;
				TargetAttributes = {
					945CF563299E5CA90018AA70 = {
						CreatedOnToolsVersion = 14.2;
					};
				};
			};
			buildConfigurationList = 945CF55F299E5CA90018AA70 /* Build configuration list for PBXProject "CP-Software" */;
			compatibilityVersion = "Xcode 14.0";
			developmentRegion = en;
			hasScannedForEncodings = 0;
			knownRegions = (
				en,
				Base,
			);
			mainGroup = 945CF55B299E5CA90018AA70;
			packageReferences = (
			);
			productRefGroup = 945CF565299E5CA90018AA70 /* Products */;
			projectDirPath = "";
			projectRoot = "";
			targets = (
				945CF563299E5CA90018AA70 /* CP-Software */,
			);
		};
/* End PBXProject section */

/* Begin PBXResourcesBuildPhase section */
		945CF562299E5CA90018AA70 /* Resources */ = {
			isa = PBXResourcesBuildPhase;
			buildActionMask = 2147483647;
			files = (
				945CF574299E5CAA0018AA70 /* LaunchScreen.storyboard in Resources */,
				945CF571299E5CAA0018AA70 /* Assets.xcassets in Resources */,
				945CF56F299E5CA90018AA70 /* Main.storyboard in Resources */,
			);
			runOnlyForDeploymentPostprocessing = 0;
		};
/* End PBXResourcesBuildPhase section */

/* Begin PBXSourcesBuildPhase section */
		945CF560299E5CA90018AA70 /* Sources */ = {
			isa = PBXSourcesBuildPhase;
			buildActionMask = 2147483647;
			files = (
				945CF5A5299E95530018AA70 /* MathKeyboard.swift in Sources */,
				945CF5AA299E9CEB0018AA70 /* BasicMathOperation.swift in Sources */,
				947642FB29A8A90900C8D157 /* DichotomyMethod.swift in Sources */,
				947642F929A8A8B700C8D157 /* EquationSolvingService.swift in Sources */,
				9476430829A8CCFC00C8D157 /* View + Ext.swift in Sources */,
				945CF5A1299E913B0018AA70 /* NumberButton.swift in Sources */,
				945F262429A4CD35008626E8 /* EquationSolvingMethod.swift in Sources */,
				9476431029A9041500C8D157 /* NewtonIterationInfo.swift in Sources */,
				9471A84A29A215D400DAB91D /* EquationInputViewModel.swift in Sources */,
				9476430E29A9036100C8D157 /* NewtonSolutionMethod.swift in Sources */,
				9476430629A8C1B200C8D157 /* Answer.swift in Sources */,
				945CF587299E60620018AA70 /* String + Ext.swift in Sources */,
				946587BA29A5EBF000599EB2 /* UIApplication + Ext.swift in Sources */,
				9476430229A8C04F00C8D157 /* SimpleIteration.swift in Sources */,
				9476430429A8C08000C8D157 /* SimpleIterationInfo.swift in Sources */,
				9476431829A9099A00C8D157 /* NewtonIteration.swift in Sources */,
				940CFF2F29AF7E670084DDF8 /* NSNumber + Ext.swift in Sources */,
				942CFFEC29A79490001E3C42 /* SolutionViewModelProtocol.swift in Sources */,
				94D25131299EBA88000E260C /* AdvancedMathOperationsPad.swift in Sources */,
				94D2512F299EB975000E260C /* BasicMathOperationsPad.swift in Sources */,
				9476431A29A90C2700C8D157 /* SolvingSteps.swift in Sources */,
				945CF59F299E910A0018AA70 /* EquationInput.swift in Sources */,
				945CF5A7299E95800018AA70 /* BasicMathOperationButton.swift in Sources */,
				947642F429A8A76E00C8D157 /* EquationSolution.swift in Sources */,
				945CF568299E5CA90018AA70 /* AppDelegate.swift in Sources */,
				9476431F29A9128600C8D157 /* Double + Ext.swift in Sources */,
				940CFF3429AF9CD70084DDF8 /* AdvancedMathOperation.swift in Sources */,
				94D25133299EBC0B000E260C /* AuxiliaryMathOperationButton.swift in Sources */,
				945F264B29A52B5D008626E8 /* DichotomyIterationInfo.swift in Sources */,
				945CF5A3299E92760018AA70 /* NumbersPad.swift in Sources */,
				940CFF2B29AF6C220084DDF8 /* MathKeyboardSectionButton.swift in Sources */,
				945CF56A299E5CA90018AA70 /* SceneDelegate.swift in Sources */,
				94D2512D299EB8C9000E260C /* AdvancedMathOperationButton.swift in Sources */,
				94575C1229A7E5FD00CC62BF /* SolveButton.swift in Sources */,
				945F264729A501B8008626E8 /* DichotomyIteration.swift in Sources */,
				940CFF3229AF9CC20084DDF8 /* AuxiliaryMathOperation.swift in Sources */,
				947642F629A8A78500C8D157 /* EquationSolutionViewModel.swift in Sources */,
				947642FD29A8AE6200C8D157 /* SimpleIterationMethod.swift in Sources */,
				942CFFF329A79A70001E3C42 /* NSExpression + Ext.swift in Sources */,
				940CFF2D29AF712E0084DDF8 /* MathKeyboardSection.swift in Sources */,
				942CFFEA29A7904D001E3C42 /* SolutionSearchParametersRepresentation.swift in Sources */,
			);
			runOnlyForDeploymentPostprocessing = 0;
		};
/* End PBXSourcesBuildPhase section */

/* Begin PBXVariantGroup section */
		945CF56D299E5CA90018AA70 /* Main.storyboard */ = {
			isa = PBXVariantGroup;
			children = (
				945CF56E299E5CA90018AA70 /* Base */,
			);
			name = Main.storyboard;
			sourceTree = "<group>";
		};
		945CF572299E5CAA0018AA70 /* LaunchScreen.storyboard */ = {
			isa = PBXVariantGroup;
			children = (
				945CF573299E5CAA0018AA70 /* Base */,
			);
			name = LaunchScreen.storyboard;
			sourceTree = "<group>";
		};
/* End PBXVariantGroup section */

/* Begin XCBuildConfiguration section */
		945CF576299E5CAA0018AA70 /* Debug */ = {
			isa = XCBuildConfiguration;
			buildSettings = {
				ALWAYS_SEARCH_USER_PATHS = NO;
				CLANG_ANALYZER_NONNULL = YES;
				CLANG_ANALYZER_NUMBER_OBJECT_CONVERSION = YES_AGGRESSIVE;
				CLANG_CXX_LANGUAGE_STANDARD = "gnu++20";
				CLANG_ENABLE_MODULES = YES;
				CLANG_ENABLE_OBJC_ARC = YES;
				CLANG_ENABLE_OBJC_WEAK = YES;
				CLANG_WARN_BLOCK_CAPTURE_AUTORELEASING = YES;
				CLANG_WARN_BOOL_CONVERSION = YES;
				CLANG_WARN_COMMA = YES;
				CLANG_WARN_CONSTANT_CONVERSION = YES;
				CLANG_WARN_DEPRECATED_OBJC_IMPLEMENTATIONS = YES;
				CLANG_WARN_DIRECT_OBJC_ISA_USAGE = YES_ERROR;
				CLANG_WARN_DOCUMENTATION_COMMENTS = YES;
				CLANG_WARN_EMPTY_BODY = YES;
				CLANG_WARN_ENUM_CONVERSION = YES;
				CLANG_WARN_INFINITE_RECURSION = YES;
				CLANG_WARN_INT_CONVERSION = YES;
				CLANG_WARN_NON_LITERAL_NULL_CONVERSION = YES;
				CLANG_WARN_OBJC_IMPLICIT_RETAIN_SELF = YES;
				CLANG_WARN_OBJC_LITERAL_CONVERSION = YES;
				CLANG_WARN_OBJC_ROOT_CLASS = YES_ERROR;
				CLANG_WARN_QUOTED_INCLUDE_IN_FRAMEWORK_HEADER = YES;
				CLANG_WARN_RANGE_LOOP_ANALYSIS = YES;
				CLANG_WARN_STRICT_PROTOTYPES = YES;
				CLANG_WARN_SUSPICIOUS_MOVE = YES;
				CLANG_WARN_UNGUARDED_AVAILABILITY = YES_AGGRESSIVE;
				CLANG_WARN_UNREACHABLE_CODE = YES;
				CLANG_WARN__DUPLICATE_METHOD_MATCH = YES;
				COPY_PHASE_STRIP = NO;
				DEBUG_INFORMATION_FORMAT = dwarf;
				ENABLE_STRICT_OBJC_MSGSEND = YES;
				ENABLE_TESTABILITY = YES;
				GCC_C_LANGUAGE_STANDARD = gnu11;
				GCC_DYNAMIC_NO_PIC = NO;
				GCC_NO_COMMON_BLOCKS = YES;
				GCC_OPTIMIZATION_LEVEL = 0;
				GCC_PREPROCESSOR_DEFINITIONS = (
					"DEBUG=1",
					"$(inherited)",
				);
				GCC_WARN_64_TO_32_BIT_CONVERSION = YES;
				GCC_WARN_ABOUT_RETURN_TYPE = YES_ERROR;
				GCC_WARN_UNDECLARED_SELECTOR = YES;
				GCC_WARN_UNINITIALIZED_AUTOS = YES_AGGRESSIVE;
				GCC_WARN_UNUSED_FUNCTION = YES;
				GCC_WARN_UNUSED_VARIABLE = YES;
				IPHONEOS_DEPLOYMENT_TARGET = 16.2;
				MTL_ENABLE_DEBUG_INFO = INCLUDE_SOURCE;
				MTL_FAST_MATH = YES;
				ONLY_ACTIVE_ARCH = YES;
				SDKROOT = iphoneos;
				SWIFT_ACTIVE_COMPILATION_CONDITIONS = DEBUG;
				SWIFT_OPTIMIZATION_LEVEL = "-Onone";
			};
			name = Debug;
		};
		945CF577299E5CAA0018AA70 /* Release */ = {
			isa = XCBuildConfiguration;
			buildSettings = {
				ALWAYS_SEARCH_USER_PATHS = NO;
				CLANG_ANALYZER_NONNULL = YES;
				CLANG_ANALYZER_NUMBER_OBJECT_CONVERSION = YES_AGGRESSIVE;
				CLANG_CXX_LANGUAGE_STANDARD = "gnu++20";
				CLANG_ENABLE_MODULES = YES;
				CLANG_ENABLE_OBJC_ARC = YES;
				CLANG_ENABLE_OBJC_WEAK = YES;
				CLANG_WARN_BLOCK_CAPTURE_AUTORELEASING = YES;
				CLANG_WARN_BOOL_CONVERSION = YES;
				CLANG_WARN_COMMA = YES;
				CLANG_WARN_CONSTANT_CONVERSION = YES;
				CLANG_WARN_DEPRECATED_OBJC_IMPLEMENTATIONS = YES;
				CLANG_WARN_DIRECT_OBJC_ISA_USAGE = YES_ERROR;
				CLANG_WARN_DOCUMENTATION_COMMENTS = YES;
				CLANG_WARN_EMPTY_BODY = YES;
				CLANG_WARN_ENUM_CONVERSION = YES;
				CLANG_WARN_INFINITE_RECURSION = YES;
				CLANG_WARN_INT_CONVERSION = YES;
				CLANG_WARN_NON_LITERAL_NULL_CONVERSION = YES;
				CLANG_WARN_OBJC_IMPLICIT_RETAIN_SELF = YES;
				CLANG_WARN_OBJC_LITERAL_CONVERSION = YES;
				CLANG_WARN_OBJC_ROOT_CLASS = YES_ERROR;
				CLANG_WARN_QUOTED_INCLUDE_IN_FRAMEWORK_HEADER = YES;
				CLANG_WARN_RANGE_LOOP_ANALYSIS = YES;
				CLANG_WARN_STRICT_PROTOTYPES = YES;
				CLANG_WARN_SUSPICIOUS_MOVE = YES;
				CLANG_WARN_UNGUARDED_AVAILABILITY = YES_AGGRESSIVE;
				CLANG_WARN_UNREACHABLE_CODE = YES;
				CLANG_WARN__DUPLICATE_METHOD_MATCH = YES;
				COPY_PHASE_STRIP = NO;
				DEBUG_INFORMATION_FORMAT = "dwarf-with-dsym";
				ENABLE_NS_ASSERTIONS = NO;
				ENABLE_STRICT_OBJC_MSGSEND = YES;
				GCC_C_LANGUAGE_STANDARD = gnu11;
				GCC_NO_COMMON_BLOCKS = YES;
				GCC_WARN_64_TO_32_BIT_CONVERSION = YES;
				GCC_WARN_ABOUT_RETURN_TYPE = YES_ERROR;
				GCC_WARN_UNDECLARED_SELECTOR = YES;
				GCC_WARN_UNINITIALIZED_AUTOS = YES_AGGRESSIVE;
				GCC_WARN_UNUSED_FUNCTION = YES;
				GCC_WARN_UNUSED_VARIABLE = YES;
				IPHONEOS_DEPLOYMENT_TARGET = 16.2;
				MTL_ENABLE_DEBUG_INFO = NO;
				MTL_FAST_MATH = YES;
				SDKROOT = iphoneos;
				SWIFT_COMPILATION_MODE = wholemodule;
				SWIFT_OPTIMIZATION_LEVEL = "-O";
				VALIDATE_PRODUCT = YES;
			};
			name = Release;
		};
		945CF579299E5CAA0018AA70 /* Debug */ = {
			isa = XCBuildConfiguration;
			buildSettings = {
				ASSETCATALOG_COMPILER_APPICON_NAME = AppIcon;
				ASSETCATALOG_COMPILER_GLOBAL_ACCENT_COLOR_NAME = AccentColor;
				CODE_SIGN_STYLE = Automatic;
				CURRENT_PROJECT_VERSION = 1;
				DEVELOPMENT_TEAM = XX34NBC2NS;
				GENERATE_INFOPLIST_FILE = YES;
				INFOPLIST_FILE = "CP-Software/Supporting/Info.plist";
				INFOPLIST_KEY_UIApplicationSupportsIndirectInputEvents = YES;
				INFOPLIST_KEY_UILaunchStoryboardName = LaunchScreen;
				INFOPLIST_KEY_UIMainStoryboardFile = Main;
				INFOPLIST_KEY_UISupportedInterfaceOrientations = UIInterfaceOrientationPortrait;
				INFOPLIST_KEY_UISupportedInterfaceOrientations_iPad = "UIInterfaceOrientationLandscapeLeft UIInterfaceOrientationLandscapeRight UIInterfaceOrientationPortrait UIInterfaceOrientationPortraitUpsideDown";
				LD_RUNPATH_SEARCH_PATHS = (
					"$(inherited)",
					"@executable_path/Frameworks",
				);
				MARKETING_VERSION = 1.0;
				PRODUCT_BUNDLE_IDENTIFIER = "com.malildugulyubgov.CP-Software";
				PRODUCT_NAME = "$(TARGET_NAME)";
				SUPPORTED_PLATFORMS = "iphoneos iphonesimulator";
				SUPPORTS_MACCATALYST = NO;
				SUPPORTS_MAC_DESIGNED_FOR_IPHONE_IPAD = NO;
				SWIFT_EMIT_LOC_STRINGS = YES;
				SWIFT_VERSION = 5.0;
				TARGETED_DEVICE_FAMILY = 1;
			};
			name = Debug;
		};
		945CF57A299E5CAA0018AA70 /* Release */ = {
			isa = XCBuildConfiguration;
			buildSettings = {
				ASSETCATALOG_COMPILER_APPICON_NAME = AppIcon;
				ASSETCATALOG_COMPILER_GLOBAL_ACCENT_COLOR_NAME = AccentColor;
				CODE_SIGN_STYLE = Automatic;
				CURRENT_PROJECT_VERSION = 1;
				DEVELOPMENT_TEAM = XX34NBC2NS;
				GENERATE_INFOPLIST_FILE = YES;
				INFOPLIST_FILE = "CP-Software/Supporting/Info.plist";
				INFOPLIST_KEY_UIApplicationSupportsIndirectInputEvents = YES;
				INFOPLIST_KEY_UILaunchStoryboardName = LaunchScreen;
				INFOPLIST_KEY_UIMainStoryboardFile = Main;
				INFOPLIST_KEY_UISupportedInterfaceOrientations = UIInterfaceOrientationPortrait;
				INFOPLIST_KEY_UISupportedInterfaceOrientations_iPad = "UIInterfaceOrientationLandscapeLeft UIInterfaceOrientationLandscapeRight UIInterfaceOrientationPortrait UIInterfaceOrientationPortraitUpsideDown";
				LD_RUNPATH_SEARCH_PATHS = (
					"$(inherited)",
					"@executable_path/Frameworks",
				);
				MARKETING_VERSION = 1.0;
				PRODUCT_BUNDLE_IDENTIFIER = "com.malildugulyubgov.CP-Software";
				PRODUCT_NAME = "$(TARGET_NAME)";
				SUPPORTED_PLATFORMS = "iphoneos iphonesimulator";
				SUPPORTS_MACCATALYST = NO;
				SUPPORTS_MAC_DESIGNED_FOR_IPHONE_IPAD = NO;
				SWIFT_EMIT_LOC_STRINGS = YES;
				SWIFT_VERSION = 5.0;
				TARGETED_DEVICE_FAMILY = 1;
			};
			name = Release;
		};
/* End XCBuildConfiguration section */

/* Begin XCConfigurationList section */
		945CF55F299E5CA90018AA70 /* Build configuration list for PBXProject "CP-Software" */ = {
			isa = XCConfigurationList;
			buildConfigurations = (
				945CF576299E5CAA0018AA70 /* Debug */,
				945CF577299E5CAA0018AA70 /* Release */,
			);
			defaultConfigurationIsVisible = 0;
			defaultConfigurationName = Release;
		};
		945CF578299E5CAA0018AA70 /* Build configuration list for PBXNativeTarget "CP-Software" */ = {
			isa = XCConfigurationList;
			buildConfigurations = (
				945CF579299E5CAA0018AA70 /* Debug */,
				945CF57A299E5CAA0018AA70 /* Release */,
			);
			defaultConfigurationIsVisible = 0;
			defaultConfigurationName = Release;
		};
/* End XCConfigurationList section */
	};
	rootObject = 945CF55C299E5CA90018AA70 /* Project object */;
}
